
Microsoft Visual Studio Solution File, Format Version 12.00
# Visual Studio Version 17
VisualStudioVersion = 17.7.34024.191
MinimumVisualStudioVersion = 10.0.40219.1
Project("{8BC9CEB8-8B4A-11D0-8D11-00A0C91BC942}") = "hw_23_01_2024", "hw_23_01_2024\hw_23_01_2024.vcxproj", "{A10D29AD-D9E6-426D-90BA-FC37392E356D}"
EndProject
Global
	GlobalSection(SolutionConfigurationPlatforms) = preSolution
		Debug|x64 = Debug|x64
		Debug|x86 = Debug|x86
		Release|x64 = Release|x64
		Release|x86 = Release|x86
	EndGlobalSection
	GlobalSection(ProjectConfigurationPlatforms) = postSolution
		{A10D29AD-D9E6-426D-90BA-FC37392E356D}.Debug|x64.ActiveCfg = Debug|x64
		{A10D29AD-D9E6-426D-90BA-FC37392E356D}.Debug|x64.Build.0 = Debug|x64
		{A10D29AD-D9E6-426D-90BA-FC37392E356D}.Debug|x86.ActiveCfg = Debug|Win32
		{A10D29AD-D9E6-426D-90BA-FC37392E356D}.Debug|x86.Build.0 = Debug|Win32
		{A10D29AD-D9E6-426D-90BA-FC37392E356D}.Release|x64.ActiveCfg = Release|x64
		{A10D29AD-D9E6-426D-90BA-FC37392E356D}.Release|x64.Build.0 = Release|x64
		{A10D29AD-D9E6-426D-90BA-FC37392E356D}.Release|x86.ActiveCfg = Release|Win32
		{A10D29AD-D9E6-426D-90BA-FC37392E356D}.Release|x86.Build.0 = Release|Win32
	EndGlobalSection
	GlobalSection(SolutionProperties) = preSolution
		HideSolutionNode = FALSE
	EndGlobalSection
	GlobalSection(ExtensibilityGlobals) = postSolution
		SolutionGuid = {07695780-1058-421E-A8BB-263E7416FB2D}
	EndGlobalSection
EndGlobal
